// !$*UTF8*$!
{
	archiveVersion = 1;
	classes = {
	};
	objectVersion = 50;
	objects = {

/* Begin PBXBuildFile section */
		260F10DB21F2942500D56903 /* TokenUtil.swift in Sources */ = {isa = PBXBuildFile; fileRef = 260F10DA21F2942500D56903 /* TokenUtil.swift */; };
		2611E3BE21F21E8000045507 /* LabelButtonExtension.swift in Sources */ = {isa = PBXBuildFile; fileRef = 2611E3BD21F21E8000045507 /* LabelButtonExtension.swift */; };
		2611E3C021F2225A00045507 /* LabelWithPaddingExtension.swift in Sources */ = {isa = PBXBuildFile; fileRef = 2611E3BF21F2225A00045507 /* LabelWithPaddingExtension.swift */; };
		2611E3C221F2280E00045507 /* AccountController.swift in Sources */ = {isa = PBXBuildFile; fileRef = 2611E3C121F2280E00045507 /* AccountController.swift */; };
		2611E3C521F2294E00045507 /* NetworkConstants.swift in Sources */ = {isa = PBXBuildFile; fileRef = 2611E3C421F2294E00045507 /* NetworkConstants.swift */; };
		2611E3C921F22B9000045507 /* LoginRequest.swift in Sources */ = {isa = PBXBuildFile; fileRef = 2611E3C821F22B9000045507 /* LoginRequest.swift */; };
		2611E3CB21F22BA000045507 /* TokenResponse.swift in Sources */ = {isa = PBXBuildFile; fileRef = 2611E3CA21F22BA000045507 /* TokenResponse.swift */; };
		2611E3D321F2596300045507 /* RegisterRequest.swift in Sources */ = {isa = PBXBuildFile; fileRef = 2611E3D221F2596300045507 /* RegisterRequest.swift */; };
		2611E3D521F2652300045507 /* KeyChainUtil.swift in Sources */ = {isa = PBXBuildFile; fileRef = 2611E3D421F2652300045507 /* KeyChainUtil.swift */; };
		2611E3D821F2655900045507 /* KeychainSwiftDistrib.swift in Sources */ = {isa = PBXBuildFile; fileRef = 2611E3D721F2655900045507 /* KeychainSwiftDistrib.swift */; };
		26178F5021F2056F001ECC75 /* LoginViewController.swift in Sources */ = {isa = PBXBuildFile; fileRef = 26178F4F21F2056F001ECC75 /* LoginViewController.swift */; };
		26178F5221F2057E001ECC75 /* RegisterViewController.swift in Sources */ = {isa = PBXBuildFile; fileRef = 26178F5121F2057E001ECC75 /* RegisterViewController.swift */; };
		26178F5421F205D5001ECC75 /* AccountViewController.swift in Sources */ = {isa = PBXBuildFile; fileRef = 26178F5321F205D5001ECC75 /* AccountViewController.swift */; };
		261BAB112191B502006F506E /* AppDelegate.swift in Sources */ = {isa = PBXBuildFile; fileRef = 261BAB102191B502006F506E /* AppDelegate.swift */; };
		261BAB162191B502006F506E /* Main.storyboard in Resources */ = {isa = PBXBuildFile; fileRef = 261BAB142191B502006F506E /* Main.storyboard */; };
		261BAB192191B502006F506E /* CarMeets.xcdatamodeld in Sources */ = {isa = PBXBuildFile; fileRef = 261BAB172191B502006F506E /* CarMeets.xcdatamodeld */; };
		261BAB1B2191B502006F506E /* Assets.xcassets in Resources */ = {isa = PBXBuildFile; fileRef = 261BAB1A2191B502006F506E /* Assets.xcassets */; };
		261BAB1E2191B502006F506E /* LaunchScreen.storyboard in Resources */ = {isa = PBXBuildFile; fileRef = 261BAB1C2191B502006F506E /* LaunchScreen.storyboard */; };
		261BAB292191B502006F506E /* CarMeetsTests.swift in Sources */ = {isa = PBXBuildFile; fileRef = 261BAB282191B502006F506E /* CarMeetsTests.swift */; };
		261BAB342191B502006F506E /* CarMeetsUITests.swift in Sources */ = {isa = PBXBuildFile; fileRef = 261BAB332191B502006F506E /* CarMeetsUITests.swift */; };
		263DA36121DA515900A798BB /* MeetingDetailViewController.swift in Sources */ = {isa = PBXBuildFile; fileRef = 263DA36021DA515900A798BB /* MeetingDetailViewController.swift */; };
		263DA36321DA56B100A798BB /* MeetingsTableViewController.swift in Sources */ = {isa = PBXBuildFile; fileRef = 263DA36221DA56B100A798BB /* MeetingsTableViewController.swift */; };
		263DA36521DA59AF00A798BB /* MeetingTableCell.swift in Sources */ = {isa = PBXBuildFile; fileRef = 263DA36421DA59AF00A798BB /* MeetingTableCell.swift */; };
		26F2193221DA9BD0003E6B40 /* Meeting.swift in Sources */ = {isa = PBXBuildFile; fileRef = 26F2193121DA9BD0003E6B40 /* Meeting.swift */; };
		26F2193521DA9F6B003E6B40 /* MeetingController.swift in Sources */ = {isa = PBXBuildFile; fileRef = 26F2193421DA9F6B003E6B40 /* MeetingController.swift */; };
		26F2193B21DBBC15003E6B40 /* DateUtil.swift in Sources */ = {isa = PBXBuildFile; fileRef = 26F2193A21DBBC15003E6B40 /* DateUtil.swift */; };
		26F2193D21DC0250003E6B40 /* LocationUtil.swift in Sources */ = {isa = PBXBuildFile; fileRef = 26F2193C21DC0250003E6B40 /* LocationUtil.swift */; };
		26F2193F21DC025F003E6B40 /* CategoriesUtil.swift in Sources */ = {isa = PBXBuildFile; fileRef = 26F2193E21DC025F003E6B40 /* CategoriesUtil.swift */; };
		26F2194121DC0300003E6B40 /* Location.swift in Sources */ = {isa = PBXBuildFile; fileRef = 26F2194021DC0300003E6B40 /* Location.swift */; };
		26F2194321DC27DC003E6B40 /* CalanderUtil.swift in Sources */ = {isa = PBXBuildFile; fileRef = 26F2194221DC27DC003E6B40 /* CalanderUtil.swift */; };
		26F2194521DC29EE003E6B40 /* MessageUtil.swift in Sources */ = {isa = PBXBuildFile; fileRef = 26F2194421DC29EE003E6B40 /* MessageUtil.swift */; };
		26F2194721DC2F34003E6B40 /* SharedApplicationUtil.swift in Sources */ = {isa = PBXBuildFile; fileRef = 26F2194621DC2F34003E6B40 /* SharedApplicationUtil.swift */; };
		27C108E8802B56E087E735D7 /* Pods_CarMeetsTests.framework in Frameworks */ = {isa = PBXBuildFile; fileRef = 26528E065C749A8134C2710D /* Pods_CarMeetsTests.framework */; };
		7A184A3D6BDFE4C7156C18AD /* Pods_CarMeets.framework in Frameworks */ = {isa = PBXBuildFile; fileRef = DD11C6BFAF1B52A2FFD3FD1B /* Pods_CarMeets.framework */; };
		EC95E364D98468C4D01D4252 /* Pods_CarMeetsUITests.framework in Frameworks */ = {isa = PBXBuildFile; fileRef = B34343287756CC5DE41A9F64 /* Pods_CarMeetsUITests.framework */; };
/* End PBXBuildFile section */

/* Begin PBXContainerItemProxy section */
		261BAB252191B502006F506E /* PBXContainerItemProxy */ = {
			isa = PBXContainerItemProxy;
			containerPortal = 261BAB052191B502006F506E /* Project object */;
			proxyType = 1;
			remoteGlobalIDString = 261BAB0C2191B502006F506E;
			remoteInfo = CarMeets;
		};
		261BAB302191B502006F506E /* PBXContainerItemProxy */ = {
			isa = PBXContainerItemProxy;
			containerPortal = 261BAB052191B502006F506E /* Project object */;
			proxyType = 1;
			remoteGlobalIDString = 261BAB0C2191B502006F506E;
			remoteInfo = CarMeets;
		};
/* End PBXContainerItemProxy section */

/* Begin PBXFileReference section */
		1466E7F052766C788BC88C79 /* Pods-CarMeets.release.xcconfig */ = {isa = PBXFileReference; includeInIndex = 1; lastKnownFileType = text.xcconfig; name = "Pods-CarMeets.release.xcconfig"; path = "Pods/Target Support Files/Pods-CarMeets/Pods-CarMeets.release.xcconfig"; sourceTree = "<group>"; };
		14F024E6B3BF88F31E28296B /* Pods-CarMeetsUITests.release.xcconfig */ = {isa = PBXFileReference; includeInIndex = 1; lastKnownFileType = text.xcconfig; name = "Pods-CarMeetsUITests.release.xcconfig"; path = "Pods/Target Support Files/Pods-CarMeetsUITests/Pods-CarMeetsUITests.release.xcconfig"; sourceTree = "<group>"; };
		15E39B82792AC02298766ED9 /* Pods-CarMeets.debug.xcconfig */ = {isa = PBXFileReference; includeInIndex = 1; lastKnownFileType = text.xcconfig; name = "Pods-CarMeets.debug.xcconfig"; path = "Pods/Target Support Files/Pods-CarMeets/Pods-CarMeets.debug.xcconfig"; sourceTree = "<group>"; };
		260F10DA21F2942500D56903 /* TokenUtil.swift */ = {isa = PBXFileReference; lastKnownFileType = sourcecode.swift; path = TokenUtil.swift; sourceTree = "<group>"; };
		2611E3BD21F21E8000045507 /* LabelButtonExtension.swift */ = {isa = PBXFileReference; lastKnownFileType = sourcecode.swift; path = LabelButtonExtension.swift; sourceTree = "<group>"; };
		2611E3BF21F2225A00045507 /* LabelWithPaddingExtension.swift */ = {isa = PBXFileReference; lastKnownFileType = sourcecode.swift; path = LabelWithPaddingExtension.swift; sourceTree = "<group>"; };
		2611E3C121F2280E00045507 /* AccountController.swift */ = {isa = PBXFileReference; lastKnownFileType = sourcecode.swift; path = AccountController.swift; sourceTree = "<group>"; };
		2611E3C421F2294E00045507 /* NetworkConstants.swift */ = {isa = PBXFileReference; lastKnownFileType = sourcecode.swift; path = NetworkConstants.swift; sourceTree = "<group>"; };
		2611E3C821F22B9000045507 /* LoginRequest.swift */ = {isa = PBXFileReference; lastKnownFileType = sourcecode.swift; path = LoginRequest.swift; sourceTree = "<group>"; };
		2611E3CA21F22BA000045507 /* TokenResponse.swift */ = {isa = PBXFileReference; lastKnownFileType = sourcecode.swift; path = TokenResponse.swift; sourceTree = "<group>"; };
		2611E3D221F2596300045507 /* RegisterRequest.swift */ = {isa = PBXFileReference; lastKnownFileType = sourcecode.swift; path = RegisterRequest.swift; sourceTree = "<group>"; };
		2611E3D421F2652300045507 /* KeyChainUtil.swift */ = {isa = PBXFileReference; lastKnownFileType = sourcecode.swift; path = KeyChainUtil.swift; sourceTree = "<group>"; };
		2611E3D721F2655900045507 /* KeychainSwiftDistrib.swift */ = {isa = PBXFileReference; lastKnownFileType = sourcecode.swift; path = KeychainSwiftDistrib.swift; sourceTree = "<group>"; };
		26178F4F21F2056F001ECC75 /* LoginViewController.swift */ = {isa = PBXFileReference; lastKnownFileType = sourcecode.swift; path = LoginViewController.swift; sourceTree = "<group>"; };
		26178F5121F2057E001ECC75 /* RegisterViewController.swift */ = {isa = PBXFileReference; lastKnownFileType = sourcecode.swift; path = RegisterViewController.swift; sourceTree = "<group>"; };
		26178F5321F205D5001ECC75 /* AccountViewController.swift */ = {isa = PBXFileReference; lastKnownFileType = sourcecode.swift; path = AccountViewController.swift; sourceTree = "<group>"; };
		261BAB0D2191B502006F506E /* CarMeets.app */ = {isa = PBXFileReference; explicitFileType = wrapper.application; includeInIndex = 0; path = CarMeets.app; sourceTree = BUILT_PRODUCTS_DIR; };
		261BAB102191B502006F506E /* AppDelegate.swift */ = {isa = PBXFileReference; lastKnownFileType = sourcecode.swift; path = AppDelegate.swift; sourceTree = "<group>"; };
		261BAB152191B502006F506E /* Base */ = {isa = PBXFileReference; lastKnownFileType = file.storyboard; name = Base; path = Base.lproj/Main.storyboard; sourceTree = "<group>"; };
		261BAB182191B502006F506E /* CarMeets.xcdatamodel */ = {isa = PBXFileReference; lastKnownFileType = wrapper.xcdatamodel; path = CarMeets.xcdatamodel; sourceTree = "<group>"; };
		261BAB1A2191B502006F506E /* Assets.xcassets */ = {isa = PBXFileReference; lastKnownFileType = folder.assetcatalog; path = Assets.xcassets; sourceTree = "<group>"; };
		261BAB1D2191B502006F506E /* Base */ = {isa = PBXFileReference; lastKnownFileType = file.storyboard; name = Base; path = Base.lproj/LaunchScreen.storyboard; sourceTree = "<group>"; };
		261BAB1F2191B502006F506E /* Info.plist */ = {isa = PBXFileReference; lastKnownFileType = text.plist.xml; path = Info.plist; sourceTree = "<group>"; };
		261BAB242191B502006F506E /* CarMeetsTests.xctest */ = {isa = PBXFileReference; explicitFileType = wrapper.cfbundle; includeInIndex = 0; path = CarMeetsTests.xctest; sourceTree = BUILT_PRODUCTS_DIR; };
		261BAB282191B502006F506E /* CarMeetsTests.swift */ = {isa = PBXFileReference; lastKnownFileType = sourcecode.swift; path = CarMeetsTests.swift; sourceTree = "<group>"; };
		261BAB2A2191B502006F506E /* Info.plist */ = {isa = PBXFileReference; lastKnownFileType = text.plist.xml; path = Info.plist; sourceTree = "<group>"; };
		261BAB2F2191B502006F506E /* CarMeetsUITests.xctest */ = {isa = PBXFileReference; explicitFileType = wrapper.cfbundle; includeInIndex = 0; path = CarMeetsUITests.xctest; sourceTree = BUILT_PRODUCTS_DIR; };
		261BAB332191B502006F506E /* CarMeetsUITests.swift */ = {isa = PBXFileReference; lastKnownFileType = sourcecode.swift; path = CarMeetsUITests.swift; sourceTree = "<group>"; };
		261BAB352191B502006F506E /* Info.plist */ = {isa = PBXFileReference; lastKnownFileType = text.plist.xml; path = Info.plist; sourceTree = "<group>"; };
		263DA36021DA515900A798BB /* MeetingDetailViewController.swift */ = {isa = PBXFileReference; lastKnownFileType = sourcecode.swift; path = MeetingDetailViewController.swift; sourceTree = "<group>"; };
		263DA36221DA56B100A798BB /* MeetingsTableViewController.swift */ = {isa = PBXFileReference; lastKnownFileType = sourcecode.swift; path = MeetingsTableViewController.swift; sourceTree = "<group>"; };
		263DA36421DA59AF00A798BB /* MeetingTableCell.swift */ = {isa = PBXFileReference; lastKnownFileType = sourcecode.swift; path = MeetingTableCell.swift; sourceTree = "<group>"; };
		26528E065C749A8134C2710D /* Pods_CarMeetsTests.framework */ = {isa = PBXFileReference; explicitFileType = wrapper.framework; includeInIndex = 0; path = Pods_CarMeetsTests.framework; sourceTree = BUILT_PRODUCTS_DIR; };
		2677360021BFA7DA00D3BEDF /* CarMeets.entitlements */ = {isa = PBXFileReference; lastKnownFileType = text.plist.entitlements; path = CarMeets.entitlements; sourceTree = "<group>"; };
		26F2193121DA9BD0003E6B40 /* Meeting.swift */ = {isa = PBXFileReference; lastKnownFileType = sourcecode.swift; path = Meeting.swift; sourceTree = "<group>"; };
		26F2193421DA9F6B003E6B40 /* MeetingController.swift */ = {isa = PBXFileReference; lastKnownFileType = sourcecode.swift; path = MeetingController.swift; sourceTree = "<group>"; };
		26F2193A21DBBC15003E6B40 /* DateUtil.swift */ = {isa = PBXFileReference; lastKnownFileType = sourcecode.swift; path = DateUtil.swift; sourceTree = "<group>"; };
		26F2193C21DC0250003E6B40 /* LocationUtil.swift */ = {isa = PBXFileReference; lastKnownFileType = sourcecode.swift; path = LocationUtil.swift; sourceTree = "<group>"; };
		26F2193E21DC025F003E6B40 /* CategoriesUtil.swift */ = {isa = PBXFileReference; lastKnownFileType = sourcecode.swift; path = CategoriesUtil.swift; sourceTree = "<group>"; };
		26F2194021DC0300003E6B40 /* Location.swift */ = {isa = PBXFileReference; lastKnownFileType = sourcecode.swift; path = Location.swift; sourceTree = "<group>"; };
		26F2194221DC27DC003E6B40 /* CalanderUtil.swift */ = {isa = PBXFileReference; lastKnownFileType = sourcecode.swift; path = CalanderUtil.swift; sourceTree = "<group>"; };
		26F2194421DC29EE003E6B40 /* MessageUtil.swift */ = {isa = PBXFileReference; lastKnownFileType = sourcecode.swift; path = MessageUtil.swift; sourceTree = "<group>"; };
		26F2194621DC2F34003E6B40 /* SharedApplicationUtil.swift */ = {isa = PBXFileReference; lastKnownFileType = sourcecode.swift; path = SharedApplicationUtil.swift; sourceTree = "<group>"; };
		7B43BDFD1E6608A7E5D95A4F /* Pods-CarMeetsTests.release.xcconfig */ = {isa = PBXFileReference; includeInIndex = 1; lastKnownFileType = text.xcconfig; name = "Pods-CarMeetsTests.release.xcconfig"; path = "Pods/Target Support Files/Pods-CarMeetsTests/Pods-CarMeetsTests.release.xcconfig"; sourceTree = "<group>"; };
		7F9568DC5E2ED64D64A16FB1 /* Pods-CarMeetsTests.debug.xcconfig */ = {isa = PBXFileReference; includeInIndex = 1; lastKnownFileType = text.xcconfig; name = "Pods-CarMeetsTests.debug.xcconfig"; path = "Pods/Target Support Files/Pods-CarMeetsTests/Pods-CarMeetsTests.debug.xcconfig"; sourceTree = "<group>"; };
		B34343287756CC5DE41A9F64 /* Pods_CarMeetsUITests.framework */ = {isa = PBXFileReference; explicitFileType = wrapper.framework; includeInIndex = 0; path = Pods_CarMeetsUITests.framework; sourceTree = BUILT_PRODUCTS_DIR; };
		DD11C6BFAF1B52A2FFD3FD1B /* Pods_CarMeets.framework */ = {isa = PBXFileReference; explicitFileType = wrapper.framework; includeInIndex = 0; path = Pods_CarMeets.framework; sourceTree = BUILT_PRODUCTS_DIR; };
		F50377448B87431005876281 /* Pods-CarMeetsUITests.debug.xcconfig */ = {isa = PBXFileReference; includeInIndex = 1; lastKnownFileType = text.xcconfig; name = "Pods-CarMeetsUITests.debug.xcconfig"; path = "Pods/Target Support Files/Pods-CarMeetsUITests/Pods-CarMeetsUITests.debug.xcconfig"; sourceTree = "<group>"; };
/* End PBXFileReference section */

/* Begin PBXFrameworksBuildPhase section */
		261BAB0A2191B502006F506E /* Frameworks */ = {
			isa = PBXFrameworksBuildPhase;
			buildActionMask = 2147483647;
			files = (
				7A184A3D6BDFE4C7156C18AD /* Pods_CarMeets.framework in Frameworks */,
			);
			runOnlyForDeploymentPostprocessing = 0;
		};
		261BAB212191B502006F506E /* Frameworks */ = {
			isa = PBXFrameworksBuildPhase;
			buildActionMask = 2147483647;
			files = (
				27C108E8802B56E087E735D7 /* Pods_CarMeetsTests.framework in Frameworks */,
			);
			runOnlyForDeploymentPostprocessing = 0;
		};
		261BAB2C2191B502006F506E /* Frameworks */ = {
			isa = PBXFrameworksBuildPhase;
			buildActionMask = 2147483647;
			files = (
				EC95E364D98468C4D01D4252 /* Pods_CarMeetsUITests.framework in Frameworks */,
			);
			runOnlyForDeploymentPostprocessing = 0;
		};
/* End PBXFrameworksBuildPhase section */

/* Begin PBXGroup section */
		2611E3BC21F21E6300045507 /* Extensions */ = {
			isa = PBXGroup;
			children = (
				2611E3BD21F21E8000045507 /* LabelButtonExtension.swift */,
				2611E3BF21F2225A00045507 /* LabelWithPaddingExtension.swift */,
			);
			name = Extensions;
			path = "New Group";
			sourceTree = "<group>";
		};
		2611E3C321F2293800045507 /* Constants */ = {
			isa = PBXGroup;
			children = (
				2611E3C421F2294E00045507 /* NetworkConstants.swift */,
			);
			path = Constants;
			sourceTree = "<group>";
		};
		2611E3C621F22B5C00045507 /* ServerRequests */ = {
			isa = PBXGroup;
			children = (
				2611E3C821F22B9000045507 /* LoginRequest.swift */,
				2611E3D221F2596300045507 /* RegisterRequest.swift */,
			);
			path = ServerRequests;
			sourceTree = "<group>";
		};
		2611E3C721F22B6700045507 /* ServerResponses */ = {
			isa = PBXGroup;
			children = (
				2611E3CA21F22BA000045507 /* TokenResponse.swift */,
			);
			path = ServerResponses;
			sourceTree = "<group>";
		};
		2611E3D621F2653C00045507 /* Library */ = {
			isa = PBXGroup;
			children = (
				2611E3D721F2655900045507 /* KeychainSwiftDistrib.swift */,
			);
			path = Library;
			sourceTree = "<group>";
		};
		261BAB042191B502006F506E = {
			isa = PBXGroup;
			children = (
				261BAB0F2191B502006F506E /* CarMeets */,
				261BAB272191B502006F506E /* CarMeetsTests */,
				261BAB322191B502006F506E /* CarMeetsUITests */,
				261BAB0E2191B502006F506E /* Products */,
				59C47B40BE9DEC9543DE521C /* Pods */,
				683F74B05C5E7078368AC8C7 /* Frameworks */,
			);
			sourceTree = "<group>";
		};
		261BAB0E2191B502006F506E /* Products */ = {
			isa = PBXGroup;
			children = (
				261BAB0D2191B502006F506E /* CarMeets.app */,
				261BAB242191B502006F506E /* CarMeetsTests.xctest */,
				261BAB2F2191B502006F506E /* CarMeetsUITests.xctest */,
			);
			name = Products;
			sourceTree = "<group>";
		};
		261BAB0F2191B502006F506E /* CarMeets */ = {
			isa = PBXGroup;
			children = (
				2611E3D621F2653C00045507 /* Library */,
				2611E3C321F2293800045507 /* Constants */,
				2611E3BC21F21E6300045507 /* Extensions */,
				26F2193921DBBBFF003E6B40 /* Utils */,
				26F2193821DBB540003E6B40 /* TableCells */,
				26F2193721DBB521003E6B40 /* ViewControllers */,
				26F2193321DA9F50003E6B40 /* Controllers */,
				26F2192E21DA9AD5003E6B40 /* Models */,
				2677360021BFA7DA00D3BEDF /* CarMeets.entitlements */,
				261BAB102191B502006F506E /* AppDelegate.swift */,
				261BAB142191B502006F506E /* Main.storyboard */,
				261BAB1A2191B502006F506E /* Assets.xcassets */,
				261BAB1C2191B502006F506E /* LaunchScreen.storyboard */,
				261BAB1F2191B502006F506E /* Info.plist */,
				261BAB172191B502006F506E /* CarMeets.xcdatamodeld */,
			);
			path = CarMeets;
			sourceTree = "<group>";
		};
		261BAB272191B502006F506E /* CarMeetsTests */ = {
			isa = PBXGroup;
			children = (
				261BAB282191B502006F506E /* CarMeetsTests.swift */,
				261BAB2A2191B502006F506E /* Info.plist */,
			);
			path = CarMeetsTests;
			sourceTree = "<group>";
		};
		261BAB322191B502006F506E /* CarMeetsUITests */ = {
			isa = PBXGroup;
			children = (
				261BAB332191B502006F506E /* CarMeetsUITests.swift */,
				261BAB352191B502006F506E /* Info.plist */,
			);
			path = CarMeetsUITests;
			sourceTree = "<group>";
		};
		26F2192E21DA9AD5003E6B40 /* Models */ = {
			isa = PBXGroup;
			children = (
				2611E3C721F22B6700045507 /* ServerResponses */,
				2611E3C621F22B5C00045507 /* ServerRequests */,
				26F2193121DA9BD0003E6B40 /* Meeting.swift */,
				26F2194021DC0300003E6B40 /* Location.swift */,
			);
			path = Models;
			sourceTree = "<group>";
		};
		26F2193321DA9F50003E6B40 /* Controllers */ = {
			isa = PBXGroup;
			children = (
				26F2193421DA9F6B003E6B40 /* MeetingController.swift */,
				2611E3C121F2280E00045507 /* AccountController.swift */,
			);
			path = Controllers;
			sourceTree = "<group>";
		};
		26F2193721DBB521003E6B40 /* ViewControllers */ = {
			isa = PBXGroup;
			children = (
				263DA36221DA56B100A798BB /* MeetingsTableViewController.swift */,
				263DA36021DA515900A798BB /* MeetingDetailViewController.swift */,
				26178F4F21F2056F001ECC75 /* LoginViewController.swift */,
				26178F5121F2057E001ECC75 /* RegisterViewController.swift */,
				26178F5321F205D5001ECC75 /* AccountViewController.swift */,
			);
			path = ViewControllers;
			sourceTree = "<group>";
		};
		26F2193821DBB540003E6B40 /* TableCells */ = {
			isa = PBXGroup;
			children = (
				263DA36421DA59AF00A798BB /* MeetingTableCell.swift */,
			);
			path = TableCells;
			sourceTree = "<group>";
		};
		26F2193921DBBBFF003E6B40 /* Utils */ = {
			isa = PBXGroup;
			children = (
				26F2193A21DBBC15003E6B40 /* DateUtil.swift */,
				26F2193C21DC0250003E6B40 /* LocationUtil.swift */,
				26F2193E21DC025F003E6B40 /* CategoriesUtil.swift */,
				26F2194221DC27DC003E6B40 /* CalanderUtil.swift */,
				26F2194421DC29EE003E6B40 /* MessageUtil.swift */,
				26F2194621DC2F34003E6B40 /* SharedApplicationUtil.swift */,
				2611E3D421F2652300045507 /* KeyChainUtil.swift */,
				260F10DA21F2942500D56903 /* TokenUtil.swift */,
			);
			path = Utils;
			sourceTree = "<group>";
		};
		59C47B40BE9DEC9543DE521C /* Pods */ = {
			isa = PBXGroup;
			children = (
				15E39B82792AC02298766ED9 /* Pods-CarMeets.debug.xcconfig */,
				1466E7F052766C788BC88C79 /* Pods-CarMeets.release.xcconfig */,
				7F9568DC5E2ED64D64A16FB1 /* Pods-CarMeetsTests.debug.xcconfig */,
				7B43BDFD1E6608A7E5D95A4F /* Pods-CarMeetsTests.release.xcconfig */,
				F50377448B87431005876281 /* Pods-CarMeetsUITests.debug.xcconfig */,
				14F024E6B3BF88F31E28296B /* Pods-CarMeetsUITests.release.xcconfig */,
			);
			name = Pods;
			sourceTree = "<group>";
		};
		683F74B05C5E7078368AC8C7 /* Frameworks */ = {
			isa = PBXGroup;
			children = (
				DD11C6BFAF1B52A2FFD3FD1B /* Pods_CarMeets.framework */,
				26528E065C749A8134C2710D /* Pods_CarMeetsTests.framework */,
				B34343287756CC5DE41A9F64 /* Pods_CarMeetsUITests.framework */,
			);
			name = Frameworks;
			sourceTree = "<group>";
		};
/* End PBXGroup section */

/* Begin PBXNativeTarget section */
		261BAB0C2191B502006F506E /* CarMeets */ = {
			isa = PBXNativeTarget;
			buildConfigurationList = 261BAB382191B502006F506E /* Build configuration list for PBXNativeTarget "CarMeets" */;
			buildPhases = (
				37F8004C5104A31D3AB957C2 /* [CP] Check Pods Manifest.lock */,
				261BAB092191B502006F506E /* Sources */,
				261BAB0A2191B502006F506E /* Frameworks */,
				261BAB0B2191B502006F506E /* Resources */,
				DCD692041B986B050D4F37B2 /* [CP] Embed Pods Frameworks */,
			);
			buildRules = (
			);
			dependencies = (
			);
			name = CarMeets;
			productName = CarMeets;
			productReference = 261BAB0D2191B502006F506E /* CarMeets.app */;
			productType = "com.apple.product-type.application";
		};
		261BAB232191B502006F506E /* CarMeetsTests */ = {
			isa = PBXNativeTarget;
			buildConfigurationList = 261BAB3B2191B502006F506E /* Build configuration list for PBXNativeTarget "CarMeetsTests" */;
			buildPhases = (
				DB4F61DED080F9EDC64E9FD1 /* [CP] Check Pods Manifest.lock */,
				261BAB202191B502006F506E /* Sources */,
				261BAB212191B502006F506E /* Frameworks */,
				261BAB222191B502006F506E /* Resources */,
			);
			buildRules = (
			);
			dependencies = (
				261BAB262191B502006F506E /* PBXTargetDependency */,
			);
			name = CarMeetsTests;
			productName = CarMeetsTests;
			productReference = 261BAB242191B502006F506E /* CarMeetsTests.xctest */;
			productType = "com.apple.product-type.bundle.unit-test";
		};
		261BAB2E2191B502006F506E /* CarMeetsUITests */ = {
			isa = PBXNativeTarget;
			buildConfigurationList = 261BAB3E2191B502006F506E /* Build configuration list for PBXNativeTarget "CarMeetsUITests" */;
			buildPhases = (
				B64ED7E3A9CA2437B316593A /* [CP] Check Pods Manifest.lock */,
				261BAB2B2191B502006F506E /* Sources */,
				261BAB2C2191B502006F506E /* Frameworks */,
				261BAB2D2191B502006F506E /* Resources */,
			);
			buildRules = (
			);
			dependencies = (
				261BAB312191B502006F506E /* PBXTargetDependency */,
			);
			name = CarMeetsUITests;
			productName = CarMeetsUITests;
			productReference = 261BAB2F2191B502006F506E /* CarMeetsUITests.xctest */;
			productType = "com.apple.product-type.bundle.ui-testing";
		};
/* End PBXNativeTarget section */

/* Begin PBXProject section */
		261BAB052191B502006F506E /* Project object */ = {
			isa = PBXProject;
			attributes = {
				LastSwiftUpdateCheck = 1010;
				LastUpgradeCheck = 1010;
				ORGANIZATIONNAME = "Lennert Bontinck";
				TargetAttributes = {
					261BAB0C2191B502006F506E = {
						CreatedOnToolsVersion = 10.1;
						SystemCapabilities = {
							com.apple.Push = {
								enabled = 1;
							};
						};
					};
					261BAB232191B502006F506E = {
						CreatedOnToolsVersion = 10.1;
						TestTargetID = 261BAB0C2191B502006F506E;
					};
					261BAB2E2191B502006F506E = {
						CreatedOnToolsVersion = 10.1;
						TestTargetID = 261BAB0C2191B502006F506E;
					};
				};
			};
			buildConfigurationList = 261BAB082191B502006F506E /* Build configuration list for PBXProject "CarMeets" */;
			compatibilityVersion = "Xcode 9.3";
			developmentRegion = en;
			hasScannedForEncodings = 0;
			knownRegions = (
				en,
				Base,
			);
			mainGroup = 261BAB042191B502006F506E;
			productRefGroup = 261BAB0E2191B502006F506E /* Products */;
			projectDirPath = "";
			projectRoot = "";
			targets = (
				261BAB0C2191B502006F506E /* CarMeets */,
				261BAB232191B502006F506E /* CarMeetsTests */,
				261BAB2E2191B502006F506E /* CarMeetsUITests */,
			);
		};
/* End PBXProject section */

/* Begin PBXResourcesBuildPhase section */
		261BAB0B2191B502006F506E /* Resources */ = {
			isa = PBXResourcesBuildPhase;
			buildActionMask = 2147483647;
			files = (
				261BAB1E2191B502006F506E /* LaunchScreen.storyboard in Resources */,
				261BAB1B2191B502006F506E /* Assets.xcassets in Resources */,
				261BAB162191B502006F506E /* Main.storyboard in Resources */,
			);
			runOnlyForDeploymentPostprocessing = 0;
		};
		261BAB222191B502006F506E /* Resources */ = {
			isa = PBXResourcesBuildPhase;
			buildActionMask = 2147483647;
			files = (
			);
			runOnlyForDeploymentPostprocessing = 0;
		};
		261BAB2D2191B502006F506E /* Resources */ = {
			isa = PBXResourcesBuildPhase;
			buildActionMask = 2147483647;
			files = (
			);
			runOnlyForDeploymentPostprocessing = 0;
		};
/* End PBXResourcesBuildPhase section */

/* Begin PBXShellScriptBuildPhase section */
		37F8004C5104A31D3AB957C2 /* [CP] Check Pods Manifest.lock */ = {
			isa = PBXShellScriptBuildPhase;
			buildActionMask = 2147483647;
			files = (
			);
			inputFileListPaths = (
			);
			inputPaths = (
				"${PODS_PODFILE_DIR_PATH}/Podfile.lock",
				"${PODS_ROOT}/Manifest.lock",
			);
			name = "[CP] Check Pods Manifest.lock";
			outputFileListPaths = (
			);
			outputPaths = (
				"$(DERIVED_FILE_DIR)/Pods-CarMeets-checkManifestLockResult.txt",
			);
			runOnlyForDeploymentPostprocessing = 0;
			shellPath = /bin/sh;
			shellScript = "diff \"${PODS_PODFILE_DIR_PATH}/Podfile.lock\" \"${PODS_ROOT}/Manifest.lock\" > /dev/null\nif [ $? != 0 ] ; then\n    # print error to STDERR\n    echo \"error: The sandbox is not in sync with the Podfile.lock. Run 'pod install' or update your CocoaPods installation.\" >&2\n    exit 1\nfi\n# This output is used by Xcode 'outputs' to avoid re-running this script phase.\necho \"SUCCESS\" > \"${SCRIPT_OUTPUT_FILE_0}\"\n";
			showEnvVarsInLog = 0;
		};
		B64ED7E3A9CA2437B316593A /* [CP] Check Pods Manifest.lock */ = {
			isa = PBXShellScriptBuildPhase;
			buildActionMask = 2147483647;
			files = (
			);
			inputFileListPaths = (
			);
			inputPaths = (
				"${PODS_PODFILE_DIR_PATH}/Podfile.lock",
				"${PODS_ROOT}/Manifest.lock",
			);
			name = "[CP] Check Pods Manifest.lock";
			outputFileListPaths = (
			);
			outputPaths = (
				"$(DERIVED_FILE_DIR)/Pods-CarMeetsUITests-checkManifestLockResult.txt",
			);
			runOnlyForDeploymentPostprocessing = 0;
			shellPath = /bin/sh;
			shellScript = "diff \"${PODS_PODFILE_DIR_PATH}/Podfile.lock\" \"${PODS_ROOT}/Manifest.lock\" > /dev/null\nif [ $? != 0 ] ; then\n    # print error to STDERR\n    echo \"error: The sandbox is not in sync with the Podfile.lock. Run 'pod install' or update your CocoaPods installation.\" >&2\n    exit 1\nfi\n# This output is used by Xcode 'outputs' to avoid re-running this script phase.\necho \"SUCCESS\" > \"${SCRIPT_OUTPUT_FILE_0}\"\n";
			showEnvVarsInLog = 0;
		};
		DB4F61DED080F9EDC64E9FD1 /* [CP] Check Pods Manifest.lock */ = {
			isa = PBXShellScriptBuildPhase;
			buildActionMask = 2147483647;
			files = (
			);
			inputFileListPaths = (
			);
			inputPaths = (
				"${PODS_PODFILE_DIR_PATH}/Podfile.lock",
				"${PODS_ROOT}/Manifest.lock",
			);
			name = "[CP] Check Pods Manifest.lock";
			outputFileListPaths = (
			);
			outputPaths = (
				"$(DERIVED_FILE_DIR)/Pods-CarMeetsTests-checkManifestLockResult.txt",
			);
			runOnlyForDeploymentPostprocessing = 0;
			shellPath = /bin/sh;
			shellScript = "diff \"${PODS_PODFILE_DIR_PATH}/Podfile.lock\" \"${PODS_ROOT}/Manifest.lock\" > /dev/null\nif [ $? != 0 ] ; then\n    # print error to STDERR\n    echo \"error: The sandbox is not in sync with the Podfile.lock. Run 'pod install' or update your CocoaPods installation.\" >&2\n    exit 1\nfi\n# This output is used by Xcode 'outputs' to avoid re-running this script phase.\necho \"SUCCESS\" > \"${SCRIPT_OUTPUT_FILE_0}\"\n";
			showEnvVarsInLog = 0;
		};
		DCD692041B986B050D4F37B2 /* [CP] Embed Pods Frameworks */ = {
			isa = PBXShellScriptBuildPhase;
			buildActionMask = 2147483647;
			files = (
			);
			inputFileListPaths = (
			);
			inputPaths = (
				"${SRCROOT}/Pods/Target Support Files/Pods-CarMeets/Pods-CarMeets-frameworks.sh",
				"${BUILT_PRODUCTS_DIR}/JWTDecode/JWTDecode.framework",
				"${BUILT_PRODUCTS_DIR}/KeychainSwift/KeychainSwift.framework",
			);
			name = "[CP] Embed Pods Frameworks";
			outputFileListPaths = (
			);
			outputPaths = (
				"${TARGET_BUILD_DIR}/${FRAMEWORKS_FOLDER_PATH}/JWTDecode.framework",
				"${TARGET_BUILD_DIR}/${FRAMEWORKS_FOLDER_PATH}/KeychainSwift.framework",
			);
			runOnlyForDeploymentPostprocessing = 0;
			shellPath = /bin/sh;
			shellScript = "\"${SRCROOT}/Pods/Target Support Files/Pods-CarMeets/Pods-CarMeets-frameworks.sh\"\n";
			showEnvVarsInLog = 0;
		};
/* End PBXShellScriptBuildPhase section */

/* Begin PBXSourcesBuildPhase section */
		261BAB092191B502006F506E /* Sources */ = {
			isa = PBXSourcesBuildPhase;
			buildActionMask = 2147483647;
			files = (
				2611E3C521F2294E00045507 /* NetworkConstants.swift in Sources */,
				261BAB112191B502006F506E /* AppDelegate.swift in Sources */,
				26F2194321DC27DC003E6B40 /* CalanderUtil.swift in Sources */,
				2611E3C021F2225A00045507 /* LabelWithPaddingExtension.swift in Sources */,
				26F2194121DC0300003E6B40 /* Location.swift in Sources */,
				26178F5021F2056F001ECC75 /* LoginViewController.swift in Sources */,
				26F2193D21DC0250003E6B40 /* LocationUtil.swift in Sources */,
				26F2193221DA9BD0003E6B40 /* Meeting.swift in Sources */,
				26F2194721DC2F34003E6B40 /* SharedApplicationUtil.swift in Sources */,
				26F2193F21DC025F003E6B40 /* CategoriesUtil.swift in Sources */,
				2611E3BE21F21E8000045507 /* LabelButtonExtension.swift in Sources */,
				26178F5421F205D5001ECC75 /* AccountViewController.swift in Sources */,
				2611E3D521F2652300045507 /* KeyChainUtil.swift in Sources */,
				260F10DB21F2942500D56903 /* TokenUtil.swift in Sources */,
				2611E3C221F2280E00045507 /* AccountController.swift in Sources */,
				263DA36521DA59AF00A798BB /* MeetingTableCell.swift in Sources */,
				2611E3D321F2596300045507 /* RegisterRequest.swift in Sources */,
				26F2193521DA9F6B003E6B40 /* MeetingController.swift in Sources */,
				263DA36321DA56B100A798BB /* MeetingsTableViewController.swift in Sources */,
				26178F5221F2057E001ECC75 /* RegisterViewController.swift in Sources */,
				26F2193B21DBBC15003E6B40 /* DateUtil.swift in Sources */,
				263DA36121DA515900A798BB /* MeetingDetailViewController.swift in Sources */,
				2611E3D821F2655900045507 /* KeychainSwiftDistrib.swift in Sources */,
				261BAB192191B502006F506E /* CarMeets.xcdatamodeld in Sources */,
				26F2194521DC29EE003E6B40 /* MessageUtil.swift in Sources */,
				2611E3C921F22B9000045507 /* LoginRequest.swift in Sources */,
				2611E3CB21F22BA000045507 /* TokenResponse.swift in Sources */,
			);
			runOnlyForDeploymentPostprocessing = 0;
		};
		261BAB202191B502006F506E /* Sources */ = {
			isa = PBXSourcesBuildPhase;
			buildActionMask = 2147483647;
			files = (
				261BAB292191B502006F506E /* CarMeetsTests.swift in Sources */,
			);
			runOnlyForDeploymentPostprocessing = 0;
		};
		261BAB2B2191B502006F506E /* Sources */ = {
			isa = PBXSourcesBuildPhase;
			buildActionMask = 2147483647;
			files = (
				261BAB342191B502006F506E /* CarMeetsUITests.swift in Sources */,
			);
			runOnlyForDeploymentPostprocessing = 0;
		};
/* End PBXSourcesBuildPhase section */

/* Begin PBXTargetDependency section */
		261BAB262191B502006F506E /* PBXTargetDependency */ = {
			isa = PBXTargetDependency;
			target = 261BAB0C2191B502006F506E /* CarMeets */;
			targetProxy = 261BAB252191B502006F506E /* PBXContainerItemProxy */;
		};
		261BAB312191B502006F506E /* PBXTargetDependency */ = {
			isa = PBXTargetDependency;
			target = 261BAB0C2191B502006F506E /* CarMeets */;
			targetProxy = 261BAB302191B502006F506E /* PBXContainerItemProxy */;
		};
/* End PBXTargetDependency section */

/* Begin PBXVariantGroup section */
		261BAB142191B502006F506E /* Main.storyboard */ = {
			isa = PBXVariantGroup;
			children = (
				261BAB152191B502006F506E /* Base */,
			);
			name = Main.storyboard;
			sourceTree = "<group>";
		};
		261BAB1C2191B502006F506E /* LaunchScreen.storyboard */ = {
			isa = PBXVariantGroup;
			children = (
				261BAB1D2191B502006F506E /* Base */,
			);
			name = LaunchScreen.storyboard;
			sourceTree = "<group>";
		};
/* End PBXVariantGroup section */

/* Begin XCBuildConfiguration section */
		261BAB362191B502006F506E /* Debug */ = {
			isa = XCBuildConfiguration;
			buildSettings = {
				ALWAYS_SEARCH_USER_PATHS = NO;
				CLANG_ANALYZER_NONNULL = YES;
				CLANG_ANALYZER_NUMBER_OBJECT_CONVERSION = YES_AGGRESSIVE;
				CLANG_CXX_LANGUAGE_STANDARD = "gnu++14";
				CLANG_CXX_LIBRARY = "libc++";
				CLANG_ENABLE_MODULES = YES;
				CLANG_ENABLE_OBJC_ARC = YES;
				CLANG_ENABLE_OBJC_WEAK = YES;
				CLANG_WARN_BLOCK_CAPTURE_AUTORELEASING = YES;
				CLANG_WARN_BOOL_CONVERSION = YES;
				CLANG_WARN_COMMA = YES;
				CLANG_WARN_CONSTANT_CONVERSION = YES;
				CLANG_WARN_DEPRECATED_OBJC_IMPLEMENTATIONS = YES;
				CLANG_WARN_DIRECT_OBJC_ISA_USAGE = YES_ERROR;
				CLANG_WARN_DOCUMENTATION_COMMENTS = YES;
				CLANG_WARN_EMPTY_BODY = YES;
				CLANG_WARN_ENUM_CONVERSION = YES;
				CLANG_WARN_INFINITE_RECURSION = YES;
				CLANG_WARN_INT_CONVERSION = YES;
				CLANG_WARN_NON_LITERAL_NULL_CONVERSION = YES;
				CLANG_WARN_OBJC_IMPLICIT_RETAIN_SELF = YES;
				CLANG_WARN_OBJC_LITERAL_CONVERSION = YES;
				CLANG_WARN_OBJC_ROOT_CLASS = YES_ERROR;
				CLANG_WARN_RANGE_LOOP_ANALYSIS = YES;
				CLANG_WARN_STRICT_PROTOTYPES = YES;
				CLANG_WARN_SUSPICIOUS_MOVE = YES;
				CLANG_WARN_UNGUARDED_AVAILABILITY = YES_AGGRESSIVE;
				CLANG_WARN_UNREACHABLE_CODE = YES;
				CLANG_WARN__DUPLICATE_METHOD_MATCH = YES;
				CODE_SIGN_IDENTITY = "iPhone Developer";
				COPY_PHASE_STRIP = NO;
				DEBUG_INFORMATION_FORMAT = dwarf;
				ENABLE_STRICT_OBJC_MSGSEND = YES;
				ENABLE_TESTABILITY = YES;
				GCC_C_LANGUAGE_STANDARD = gnu11;
				GCC_DYNAMIC_NO_PIC = NO;
				GCC_NO_COMMON_BLOCKS = YES;
				GCC_OPTIMIZATION_LEVEL = 0;
				GCC_PREPROCESSOR_DEFINITIONS = (
					"DEBUG=1",
					"$(inherited)",
				);
				GCC_WARN_64_TO_32_BIT_CONVERSION = YES;
				GCC_WARN_ABOUT_RETURN_TYPE = YES_ERROR;
				GCC_WARN_UNDECLARED_SELECTOR = YES;
				GCC_WARN_UNINITIALIZED_AUTOS = YES_AGGRESSIVE;
				GCC_WARN_UNUSED_FUNCTION = YES;
				GCC_WARN_UNUSED_VARIABLE = YES;
				IPHONEOS_DEPLOYMENT_TARGET = 12.1;
				MTL_ENABLE_DEBUG_INFO = INCLUDE_SOURCE;
				MTL_FAST_MATH = YES;
				ONLY_ACTIVE_ARCH = YES;
				SDKROOT = iphoneos;
				SWIFT_ACTIVE_COMPILATION_CONDITIONS = DEBUG;
				SWIFT_OPTIMIZATION_LEVEL = "-Onone";
			};
			name = Debug;
		};
		261BAB372191B502006F506E /* Release */ = {
			isa = XCBuildConfiguration;
			buildSettings = {
				ALWAYS_SEARCH_USER_PATHS = NO;
				CLANG_ANALYZER_NONNULL = YES;
				CLANG_ANALYZER_NUMBER_OBJECT_CONVERSION = YES_AGGRESSIVE;
				CLANG_CXX_LANGUAGE_STANDARD = "gnu++14";
				CLANG_CXX_LIBRARY = "libc++";
				CLANG_ENABLE_MODULES = YES;
				CLANG_ENABLE_OBJC_ARC = YES;
				CLANG_ENABLE_OBJC_WEAK = YES;
				CLANG_WARN_BLOCK_CAPTURE_AUTORELEASING = YES;
				CLANG_WARN_BOOL_CONVERSION = YES;
				CLANG_WARN_COMMA = YES;
				CLANG_WARN_CONSTANT_CONVERSION = YES;
				CLANG_WARN_DEPRECATED_OBJC_IMPLEMENTATIONS = YES;
				CLANG_WARN_DIRECT_OBJC_ISA_USAGE = YES_ERROR;
				CLANG_WARN_DOCUMENTATION_COMMENTS = YES;
				CLANG_WARN_EMPTY_BODY = YES;
				CLANG_WARN_ENUM_CONVERSION = YES;
				CLANG_WARN_INFINITE_RECURSION = YES;
				CLANG_WARN_INT_CONVERSION = YES;
				CLANG_WARN_NON_LITERAL_NULL_CONVERSION = YES;
				CLANG_WARN_OBJC_IMPLICIT_RETAIN_SELF = YES;
				CLANG_WARN_OBJC_LITERAL_CONVERSION = YES;
				CLANG_WARN_OBJC_ROOT_CLASS = YES_ERROR;
				CLANG_WARN_RANGE_LOOP_ANALYSIS = YES;
				CLANG_WARN_STRICT_PROTOTYPES = YES;
				CLANG_WARN_SUSPICIOUS_MOVE = YES;
				CLANG_WARN_UNGUARDED_AVAILABILITY = YES_AGGRESSIVE;
				CLANG_WARN_UNREACHABLE_CODE = YES;
				CLANG_WARN__DUPLICATE_METHOD_MATCH = YES;
				CODE_SIGN_IDENTITY = "iPhone Developer";
				COPY_PHASE_STRIP = NO;
				DEBUG_INFORMATION_FORMAT = "dwarf-with-dsym";
				ENABLE_NS_ASSERTIONS = NO;
				ENABLE_STRICT_OBJC_MSGSEND = YES;
				GCC_C_LANGUAGE_STANDARD = gnu11;
				GCC_NO_COMMON_BLOCKS = YES;
				GCC_WARN_64_TO_32_BIT_CONVERSION = YES;
				GCC_WARN_ABOUT_RETURN_TYPE = YES_ERROR;
				GCC_WARN_UNDECLARED_SELECTOR = YES;
				GCC_WARN_UNINITIALIZED_AUTOS = YES_AGGRESSIVE;
				GCC_WARN_UNUSED_FUNCTION = YES;
				GCC_WARN_UNUSED_VARIABLE = YES;
				IPHONEOS_DEPLOYMENT_TARGET = 12.1;
				MTL_ENABLE_DEBUG_INFO = NO;
				MTL_FAST_MATH = YES;
				SDKROOT = iphoneos;
				SWIFT_COMPILATION_MODE = wholemodule;
				SWIFT_OPTIMIZATION_LEVEL = "-O";
				VALIDATE_PRODUCT = YES;
			};
			name = Release;
		};
		261BAB392191B502006F506E /* Debug */ = {
			isa = XCBuildConfiguration;
			baseConfigurationReference = 15E39B82792AC02298766ED9 /* Pods-CarMeets.debug.xcconfig */;
			buildSettings = {
				ASSETCATALOG_COMPILER_APPICON_NAME = AppIcon;
				CODE_SIGN_ENTITLEMENTS = CarMeets/CarMeets.entitlements;
				CODE_SIGN_STYLE = Automatic;
				DEVELOPMENT_TEAM = H8D5U24775;
				INFOPLIST_FILE = CarMeets/Info.plist;
				LD_RUNPATH_SEARCH_PATHS = (
					"$(inherited)",
					"@executable_path/Frameworks",
				);
				PRODUCT_BUNDLE_IDENTIFIER = com.lennertbontinck.CarMeets;
				PRODUCT_NAME = "$(TARGET_NAME)";
				SWIFT_VERSION = 4.2;
				TARGETED_DEVICE_FAMILY = "1,2";
			};
			name = Debug;
		};
		261BAB3A2191B502006F506E /* Release */ = {
			isa = XCBuildConfiguration;
			baseConfigurationReference = 1466E7F052766C788BC88C79 /* Pods-CarMeets.release.xcconfig */;
			buildSettings = {
				ASSETCATALOG_COMPILER_APPICON_NAME = AppIcon;
				CODE_SIGN_ENTITLEMENTS = CarMeets/CarMeets.entitlements;
				CODE_SIGN_STYLE = Automatic;
				DEVELOPMENT_TEAM = H8D5U24775;
				INFOPLIST_FILE = CarMeets/Info.plist;
				LD_RUNPATH_SEARCH_PATHS = (
					"$(inherited)",
					"@executable_path/Frameworks",
				);
				PRODUCT_BUNDLE_IDENTIFIER = com.lennertbontinck.CarMeets;
				PRODUCT_NAME = "$(TARGET_NAME)";
				SWIFT_VERSION = 4.2;
				TARGETED_DEVICE_FAMILY = "1,2";
			};
			name = Release;
		};
		261BAB3C2191B502006F506E /* Debug */ = {
			isa = XCBuildConfiguration;
			baseConfigurationReference = 7F9568DC5E2ED64D64A16FB1 /* Pods-CarMeetsTests.debug.xcconfig */;
			buildSettings = {
				ALWAYS_EMBED_SWIFT_STANDARD_LIBRARIES = YES;
				BUNDLE_LOADER = "$(TEST_HOST)";
				CODE_SIGN_STYLE = Automatic;
				INFOPLIST_FILE = CarMeetsTests/Info.plist;
				LD_RUNPATH_SEARCH_PATHS = (
					"$(inherited)",
					"@executable_path/Frameworks",
					"@loader_path/Frameworks",
				);
				PRODUCT_BUNDLE_IDENTIFIER = com.lennertbontinck.CarMeetsTests;
				PRODUCT_NAME = "$(TARGET_NAME)";
				SWIFT_VERSION = 4.2;
				TARGETED_DEVICE_FAMILY = "1,2";
				TEST_HOST = "$(BUILT_PRODUCTS_DIR)/CarMeets.app/CarMeets";
			};
			name = Debug;
		};
		261BAB3D2191B502006F506E /* Release */ = {
			isa = XCBuildConfiguration;
			baseConfigurationReference = 7B43BDFD1E6608A7E5D95A4F /* Pods-CarMeetsTests.release.xcconfig */;
			buildSettings = {
				ALWAYS_EMBED_SWIFT_STANDARD_LIBRARIES = YES;
				BUNDLE_LOADER = "$(TEST_HOST)";
				CODE_SIGN_STYLE = Automatic;
				INFOPLIST_FILE = CarMeetsTests/Info.plist;
				LD_RUNPATH_SEARCH_PATHS = (
					"$(inherited)",
					"@executable_path/Frameworks",
					"@loader_path/Frameworks",
				);
				PRODUCT_BUNDLE_IDENTIFIER = com.lennertbontinck.CarMeetsTests;
				PRODUCT_NAME = "$(TARGET_NAME)";
				SWIFT_VERSION = 4.2;
				TARGETED_DEVICE_FAMILY = "1,2";
				TEST_HOST = "$(BUILT_PRODUCTS_DIR)/CarMeets.app/CarMeets";
			};
			name = Release;
		};
		261BAB3F2191B502006F506E /* Debug */ = {
			isa = XCBuildConfiguration;
			baseConfigurationReference = F50377448B87431005876281 /* Pods-CarMeetsUITests.debug.xcconfig */;
			buildSettings = {
				ALWAYS_EMBED_SWIFT_STANDARD_LIBRARIES = YES;
				CODE_SIGN_STYLE = Automatic;
				INFOPLIST_FILE = CarMeetsUITests/Info.plist;
				LD_RUNPATH_SEARCH_PATHS = (
					"$(inherited)",
					"@executable_path/Frameworks",
					"@loader_path/Frameworks",
				);
				PRODUCT_BUNDLE_IDENTIFIER = com.lennertbontinck.CarMeetsUITests;
				PRODUCT_NAME = "$(TARGET_NAME)";
				SWIFT_VERSION = 4.2;
				TARGETED_DEVICE_FAMILY = "1,2";
				TEST_TARGET_NAME = CarMeets;
			};
			name = Debug;
		};
		261BAB402191B502006F506E /* Release */ = {
			isa = XCBuildConfiguration;
			baseConfigurationReference = 14F024E6B3BF88F31E28296B /* Pods-CarMeetsUITests.release.xcconfig */;
			buildSettings = {
				ALWAYS_EMBED_SWIFT_STANDARD_LIBRARIES = YES;
				CODE_SIGN_STYLE = Automatic;
				INFOPLIST_FILE = CarMeetsUITests/Info.plist;
				LD_RUNPATH_SEARCH_PATHS = (
					"$(inherited)",
					"@executable_path/Frameworks",
					"@loader_path/Frameworks",
				);
				PRODUCT_BUNDLE_IDENTIFIER = com.lennertbontinck.CarMeetsUITests;
				PRODUCT_NAME = "$(TARGET_NAME)";
				SWIFT_VERSION = 4.2;
				TARGETED_DEVICE_FAMILY = "1,2";
				TEST_TARGET_NAME = CarMeets;
			};
			name = Release;
		};
/* End XCBuildConfiguration section */

/* Begin XCConfigurationList section */
		261BAB082191B502006F506E /* Build configuration list for PBXProject "CarMeets" */ = {
			isa = XCConfigurationList;
			buildConfigurations = (
				261BAB362191B502006F506E /* Debug */,
				261BAB372191B502006F506E /* Release */,
			);
			defaultConfigurationIsVisible = 0;
			defaultConfigurationName = Release;
		};
		261BAB382191B502006F506E /* Build configuration list for PBXNativeTarget "CarMeets" */ = {
			isa = XCConfigurationList;
			buildConfigurations = (
				261BAB392191B502006F506E /* Debug */,
				261BAB3A2191B502006F506E /* Release */,
			);
			defaultConfigurationIsVisible = 0;
			defaultConfigurationName = Release;
		};
		261BAB3B2191B502006F506E /* Build configuration list for PBXNativeTarget "CarMeetsTests" */ = {
			isa = XCConfigurationList;
			buildConfigurations = (
				261BAB3C2191B502006F506E /* Debug */,
				261BAB3D2191B502006F506E /* Release */,
			);
			defaultConfigurationIsVisible = 0;
			defaultConfigurationName = Release;
		};
		261BAB3E2191B502006F506E /* Build configuration list for PBXNativeTarget "CarMeetsUITests" */ = {
			isa = XCConfigurationList;
			buildConfigurations = (
				261BAB3F2191B502006F506E /* Debug */,
				261BAB402191B502006F506E /* Release */,
			);
			defaultConfigurationIsVisible = 0;
			defaultConfigurationName = Release;
		};
/* End XCConfigurationList section */

/* Begin XCVersionGroup section */
		261BAB172191B502006F506E /* CarMeets.xcdatamodeld */ = {
			isa = XCVersionGroup;
			children = (
				261BAB182191B502006F506E /* CarMeets.xcdatamodel */,
			);
			currentVersion = 261BAB182191B502006F506E /* CarMeets.xcdatamodel */;
			path = CarMeets.xcdatamodeld;
			sourceTree = "<group>";
			versionGroupType = wrapper.xcdatamodel;
		};
/* End XCVersionGroup section */
	};
	rootObject = 261BAB052191B502006F506E /* Project object */;
}
